Microsoft Visual Studio Solution File, Format Version 12.00
# Visual Studio 2012
Project("{FAE04EC0-301F-11D3-BF4B-00C04F79EFBC}") = "PuzzleCourse", "PuzzleCourse.csproj", "{FE0C0B96-AFDB-4A55-B1A8-9BF9609D1DEA}"
EndProject
Global
	GlobalSection(SolutionConfigurationPlatforms) = preSolution
	Debug|Any CPU = Debug|Any CPU
	ExportDebug|Any CPU = ExportDebug|Any CPU
	ExportRelease|Any CPU = ExportRelease|Any CPU
	EndGlobalSection
	GlobalSection(ProjectConfigurationPlatforms) = postSolution
		{FE0C0B96-AFDB-4A55-B1A8-9BF9609D1DEA}.Debug|Any CPU.ActiveCfg = Debug|Any CPU
		{FE0C0B96-AFDB-4A55-B1A8-9BF9609D1DEA}.Debug|Any CPU.Build.0 = Debug|Any CPU
		{FE0C0B96-AFDB-4A55-B1A8-9BF9609D1DEA}.ExportDebug|Any CPU.ActiveCfg = ExportDebug|Any CPU
		{FE0C0B96-AFDB-4A55-B1A8-9BF9609D1DEA}.ExportDebug|Any CPU.Build.0 = ExportDebug|Any CPU
		{FE0C0B96-AFDB-4A55-B1A8-9BF9609D1DEA}.ExportRelease|Any CPU.ActiveCfg = ExportRelease|Any CPU
		{FE0C0B96-AFDB-4A55-B1A8-9BF9609D1DEA}.ExportRelease|Any CPU.Build.0 = ExportRelease|Any CPU
	EndGlobalSection
EndGlobal
